// !$*UTF8*$!
{
	archiveVersion = 1;
	classes = {
	};
	objectVersion = 77;
	objects = {

/* Begin PBXContainerItemProxy section */
		67E640E32DF07A1A00D547C2 /* PBXContainerItemProxy */ = {
			isa = PBXContainerItemProxy;
			containerPortal = 67E640CD2DF07A1800D547C2 /* Project object */;
			proxyType = 1;
			remoteGlobalIDString = 67E640D42DF07A1800D547C2;
			remoteInfo = Cookcraft;
		};
		67E640ED2DF07A1A00D547C2 /* PBXContainerItemProxy */ = {
			isa = PBXContainerItemProxy;
			containerPortal = 67E640CD2DF07A1800D547C2 /* Project object */;
			proxyType = 1;
			remoteGlobalIDString = 67E640D42DF07A1800D547C2;
			remoteInfo = Cookcraft;
		};
/* End PBXContainerItemProxy section */

/* Begin PBXFileReference section */
		67E640D52DF07A1800D547C2 /* Cookcraft.app */ = {isa = PBXFileReference; explicitFileType = wrapper.application; includeInIndex = 0; path = Cookcraft.app; sourceTree = BUILT_PRODUCTS_DIR; };
		67E640E22DF07A1A00D547C2 /* CookcraftTests.xctest */ = {isa = PBXFileReference; explicitFileType = wrapper.cfbundle; includeInIndex = 0; path = CookcraftTests.xctest; sourceTree = BUILT_PRODUCTS_DIR; };
		67E640EC2DF07A1A00D547C2 /* CookcraftUITests.xctest */ = {isa = PBXFileReference; explicitFileType = wrapper.cfbundle; includeInIndex = 0; path = CookcraftUITests.xctest; sourceTree = BUILT_PRODUCTS_DIR; };
/* End PBXFileReference section */

/* Begin PBXFileSystemSynchronizedRootGroup section */
		67E640D72DF07A1800D547C2 /* Cookcraft */ = {
			isa = PBXFileSystemSynchronizedRootGroup;
			path = Cookcraft;
			sourceTree = "<group>";
		};
		67E640E52DF07A1A00D547C2 /* CookcraftTests */ = {
			isa = PBXFileSystemSynchronizedRootGroup;
			path = CookcraftTests;
			sourceTree = "<group>";
		};
		67E640EF2DF07A1A00D547C2 /* CookcraftUITests */ = {
			isa = PBXFileSystemSynchronizedRootGroup;
			path = CookcraftUITests;
			sourceTree = "<group>";
		};
/* End PBXFileSystemSynchronizedRootGroup section */

/* Begin PBXFrameworksBuildPhase section */
		67E640D22DF07A1800D547C2 /* Frameworks */ = {
			isa = PBXFrameworksBuildPhase;
			buildActionMask = 2147483647;
			files = (
			);
			runOnlyForDeploymentPostprocessing = 0;
		};
		67E640DF2DF07A1A00D547C2 /* Frameworks */ = {
			isa = PBXFrameworksBuildPhase;
			buildActionMask = 2147483647;
			files = (
			);
			runOnlyForDeploymentPostprocessing = 0;
		};
		67E640E92DF07A1A00D547C2 /* Frameworks */ = {
			isa = PBXFrameworksBuildPhase;
			buildActionMask = 2147483647;
			files = (
			);
			runOnlyForDeploymentPostprocessing = 0;
		};
/* End PBXFrameworksBuildPhase section */

/* Begin PBXGroup section */
		67E640CC2DF07A1800D547C2 = {
			isa = PBXGroup;
			children = (
				67E640D72DF07A1800D547C2 /* Cookcraft */,
				67E640E52DF07A1A00D547C2 /* CookcraftTests */,
				67E640EF2DF07A1A00D547C2 /* CookcraftUITests */,
				67E640D62DF07A1800D547C2 /* Products */,
			);
			sourceTree = "<group>";
		};
		67E640D62DF07A1800D547C2 /* Products */ = {
			isa = PBXGroup;
			children = (
				67E640D52DF07A1800D547C2 /* Cookcraft.app */,
				67E640E22DF07A1A00D547C2 /* CookcraftTests.xctest */,
				67E640EC2DF07A1A00D547C2 /* CookcraftUITests.xctest */,
			);
			name = Products;
			sourceTree = "<group>";
		};
/* End PBXGroup section */

/* Begin PBXNativeTarget section */
		67E640D42DF07A1800D547C2 /* Cookcraft */ = {
			isa = PBXNativeTarget;
			buildConfigurationList = 67E640F62DF07A1A00D547C2 /* Build configuration list for PBXNativeTarget "Cookcraft" */;
			buildPhases = (
				67E640D12DF07A1800D547C2 /* Sources */,
				67E640D22DF07A1800D547C2 /* Frameworks */,
				67E640D32DF07A1800D547C2 /* Resources */,
			);
			buildRules = (
			);
			dependencies = (
			);
			fileSystemSynchronizedGroups = (
				67E640D72DF07A1800D547C2 /* Cookcraft */,
			);
			name = Cookcraft;
			packageProductDependencies = (
			);
			productName = Cookcraft;
			productReference = 67E640D52DF07A1800D547C2 /* Cookcraft.app */;
			productType = "com.apple.product-type.application";
		};
		67E640E12DF07A1A00D547C2 /* CookcraftTests */ = {
			isa = PBXNativeTarget;
			buildConfigurationList = 67E640F92DF07A1A00D547C2 /* Build configuration list for PBXNativeTarget "CookcraftTests" */;
			buildPhases = (
				67E640DE2DF07A1A00D547C2 /* Sources */,
				67E640DF2DF07A1A00D547C2 /* Frameworks */,
				67E640E02DF07A1A00D547C2 /* Resources */,
			);
			buildRules = (
			);
			dependencies = (
				67E640E42DF07A1A00D547C2 /* PBXTargetDependency */,
			);
			fileSystemSynchronizedGroups = (
				67E640E52DF07A1A00D547C2 /* CookcraftTests */,
			);
			name = CookcraftTests;
			packageProductDependencies = (
			);
			productName = CookcraftTests;
			productReference = 67E640E22DF07A1A00D547C2 /* CookcraftTests.xctest */;
			productType = "com.apple.product-type.bundle.unit-test";
		};
		67E640EB2DF07A1A00D547C2 /* CookcraftUITests */ = {
			isa = PBXNativeTarget;
			buildConfigurationList = 67E640FC2DF07A1A00D547C2 /* Build configuration list for PBXNativeTarget "CookcraftUITests" */;
			buildPhases = (
				67E640E82DF07A1A00D547C2 /* Sources */,
				67E640E92DF07A1A00D547C2 /* Frameworks */,
				67E640EA2DF07A1A00D547C2 /* Resources */,
			);
			buildRules = (
			);
			dependencies = (
				67E640EE2DF07A1A00D547C2 /* PBXTargetDependency */,
			);
			fileSystemSynchronizedGroups = (
				67E640EF2DF07A1A00D547C2 /* CookcraftUITests */,
			);
			name = CookcraftUITests;
			packageProductDependencies = (
			);
			productName = CookcraftUITests;
			productReference = 67E640EC2DF07A1A00D547C2 /* CookcraftUITests.xctest */;
			productType = "com.apple.product-type.bundle.ui-testing";
		};
/* End PBXNativeTarget section */

/* Begin PBXProject section */
		67E640CD2DF07A1800D547C2 /* Project object */ = {
			isa = PBXProject;
			attributes = {
				BuildIndependentTargetsInParallel = 1;
				LastSwiftUpdateCheck = 1630;
				LastUpgradeCheck = 1630;
				TargetAttributes = {
					67E640D42DF07A1800D547C2 = {
						CreatedOnToolsVersion = 16.3;
					};
					67E640E12DF07A1A00D547C2 = {
						CreatedOnToolsVersion = 16.3;
						TestTargetID = 67E640D42DF07A1800D547C2;
					};
					67E640EB2DF07A1A00D547C2 = {
						CreatedOnToolsVersion = 16.3;
						TestTargetID = 67E640D42DF07A1800D547C2;
					};
				};
			};
			buildConfigurationList = 67E640D02DF07A1800D547C2 /* Build configuration list for PBXProject "Cookcraft" */;
			developmentRegion = en;
			hasScannedForEncodings = 0;
			knownRegions = (
				en,
				Base,
			);
			mainGroup = 67E640CC2DF07A1800D547C2;
			minimizedProjectReferenceProxies = 1;
			packageReferences = (
			);
			preferredProjectObjectVersion = 77;
			productRefGroup = 67E640D62DF07A1800D547C2 /* Products */;
			projectDirPath = "";
			projectRoot = "";
			targets = (
				67E640D42DF07A1800D547C2 /* Cookcraft */,
				67E640E12DF07A1A00D547C2 /* CookcraftTests */,
				67E640EB2DF07A1A00D547C2 /* CookcraftUITests */,
			);
		};
/* End PBXProject section */

/* Begin PBXResourcesBuildPhase section */
		67E640D32DF07A1800D547C2 /* Resources */ = {
			isa = PBXResourcesBuildPhase;
			buildActionMask = 2147483647;
			files = (
			);
			runOnlyForDeploymentPostprocessing = 0;
		};
		67E640E02DF07A1A00D547C2 /* Resources */ = {
			isa = PBXResourcesBuildPhase;
			buildActionMask = 2147483647;
			files = (
			);
			runOnlyForDeploymentPostprocessing = 0;
		};
		67E640EA2DF07A1A00D547C2 /* Resources */ = {
			isa = PBXResourcesBuildPhase;
			buildActionMask = 2147483647;
			files = (
			);
			runOnlyForDeploymentPostprocessing = 0;
		};
/* End PBXResourcesBuildPhase section */

/* Begin PBXSourcesBuildPhase section */
		67E640D12DF07A1800D547C2 /* Sources */ = {
			isa = PBXSourcesBuildPhase;
			buildActionMask = 2147483647;
			files = (
			);
			runOnlyForDeploymentPostprocessing = 0;
		};
		67E640DE2DF07A1A00D547C2 /* Sources */ = {
			isa = PBXSourcesBuildPhase;
			buildActionMask = 2147483647;
			files = (
			);
			runOnlyForDeploymentPostprocessing = 0;
		};
		67E640E82DF07A1A00D547C2 /* Sources */ = {
			isa = PBXSourcesBuildPhase;
			buildActionMask = 2147483647;
			files = (
			);
			runOnlyForDeploymentPostprocessing = 0;
		};
/* End PBXSourcesBuildPhase section */

/* Begin PBXTargetDependency section */
		67E640E42DF07A1A00D547C2 /* PBXTargetDependency */ = {
			isa = PBXTargetDependency;
			target = 67E640D42DF07A1800D547C2 /* Cookcraft */;
			targetProxy = 67E640E32DF07A1A00D547C2 /* PBXContainerItemProxy */;
		};
		67E640EE2DF07A1A00D547C2 /* PBXTargetDependency */ = {
			isa = PBXTargetDependency;
			target = 67E640D42DF07A1800D547C2 /* Cookcraft */;
			targetProxy = 67E640ED2DF07A1A00D547C2 /* PBXContainerItemProxy */;
		};
/* End PBXTargetDependency section */

/* Begin XCBuildConfiguration section */
		67E640F42DF07A1A00D547C2 /* Debug */ = {
			isa = XCBuildConfiguration;
			buildSettings = {
				ALWAYS_SEARCH_USER_PATHS = NO;
				ASSETCATALOG_COMPILER_GENERATE_SWIFT_ASSET_SYMBOL_EXTENSIONS = YES;
				CLANG_ANALYZER_NONNULL = YES;
				CLANG_ANALYZER_NUMBER_OBJECT_CONVERSION = YES_AGGRESSIVE;
				CLANG_CXX_LANGUAGE_STANDARD = "gnu++20";
				CLANG_ENABLE_MODULES = YES;
				CLANG_ENABLE_OBJC_ARC = YES;
				CLANG_ENABLE_OBJC_WEAK = YES;
				CLANG_WARN_BLOCK_CAPTURE_AUTORELEASING = YES;
				CLANG_WARN_BOOL_CONVERSION = YES;
				CLANG_WARN_COMMA = YES;
				CLANG_WARN_CONSTANT_CONVERSION = YES;
				CLANG_WARN_DEPRECATED_OBJC_IMPLEMENTATIONS = YES;
				CLANG_WARN_DIRECT_OBJC_ISA_USAGE = YES_ERROR;
				CLANG_WARN_DOCUMENTATION_COMMENTS = YES;
				CLANG_WARN_EMPTY_BODY = YES;
				CLANG_WARN_ENUM_CONVERSION = YES;
				CLANG_WARN_INFINITE_RECURSION = YES;
				CLANG_WARN_INT_CONVERSION = YES;
				CLANG_WARN_NON_LITERAL_NULL_CONVERSION = YES;
				CLANG_WARN_OBJC_IMPLICIT_RETAIN_SELF = YES;
				CLANG_WARN_OBJC_LITERAL_CONVERSION = YES;
				CLANG_WARN_OBJC_ROOT_CLASS = YES_ERROR;
				CLANG_WARN_QUOTED_INCLUDE_IN_FRAMEWORK_HEADER = YES;
				CLANG_WARN_RANGE_LOOP_ANALYSIS = YES;
				CLANG_WARN_STRICT_PROTOTYPES = YES;
				CLANG_WARN_SUSPICIOUS_MOVE = YES;
				CLANG_WARN_UNGUARDED_AVAILABILITY = YES_AGGRESSIVE;
				CLANG_WARN_UNREACHABLE_CODE = YES;
				CLANG_WARN__DUPLICATE_METHOD_MATCH = YES;
				COPY_PHASE_STRIP = NO;
				DEBUG_INFORMATION_FORMAT = dwarf;
				ENABLE_STRICT_OBJC_MSGSEND = YES;
				ENABLE_TESTABILITY = YES;
				ENABLE_USER_SCRIPT_SANDBOXING = YES;
				GCC_C_LANGUAGE_STANDARD = gnu17;
				GCC_DYNAMIC_NO_PIC = NO;
				GCC_NO_COMMON_BLOCKS = YES;
				GCC_OPTIMIZATION_LEVEL = 0;
				GCC_PREPROCESSOR_DEFINITIONS = (
					"DEBUG=1",
					"$(inherited)",
				);
				GCC_WARN_64_TO_32_BIT_CONVERSION = YES;
				GCC_WARN_ABOUT_RETURN_TYPE = YES_ERROR;
				GCC_WARN_UNDECLARED_SELECTOR = YES;
				GCC_WARN_UNINITIALIZED_AUTOS = YES_AGGRESSIVE;
				GCC_WARN_UNUSED_FUNCTION = YES;
				GCC_WARN_UNUSED_VARIABLE = YES;
				IPHONEOS_DEPLOYMENT_TARGET = 18.4;
				LOCALIZATION_PREFERS_STRING_CATALOGS = YES;
				MTL_ENABLE_DEBUG_INFO = INCLUDE_SOURCE;
				MTL_FAST_MATH = YES;
				ONLY_ACTIVE_ARCH = YES;
				SDKROOT = iphoneos;
				SWIFT_ACTIVE_COMPILATION_CONDITIONS = "DEBUG $(inherited)";
				SWIFT_OPTIMIZATION_LEVEL = "-Onone";
			};
			name = Debug;
		};
		67E640F52DF07A1A00D547C2 /* Release */ = {
			isa = XCBuildConfiguration;
			buildSettings = {
				ALWAYS_SEARCH_USER_PATHS = NO;
				ASSETCATALOG_COMPILER_GENERATE_SWIFT_ASSET_SYMBOL_EXTENSIONS = YES;
				CLANG_ANALYZER_NONNULL = YES;
				CLANG_ANALYZER_NUMBER_OBJECT_CONVERSION = YES_AGGRESSIVE;
				CLANG_CXX_LANGUAGE_STANDARD = "gnu++20";
				CLANG_ENABLE_MODULES = YES;
				CLANG_ENABLE_OBJC_ARC = YES;
				CLANG_ENABLE_OBJC_WEAK = YES;
				CLANG_WARN_BLOCK_CAPTURE_AUTORELEASING = YES;
				CLANG_WARN_BOOL_CONVERSION = YES;
				CLANG_WARN_COMMA = YES;
				CLANG_WARN_CONSTANT_CONVERSION = YES;
				CLANG_WARN_DEPRECATED_OBJC_IMPLEMENTATIONS = YES;
				CLANG_WARN_DIRECT_OBJC_ISA_USAGE = YES_ERROR;
				CLANG_WARN_DOCUMENTATION_COMMENTS = YES;
				CLANG_WARN_EMPTY_BODY = YES;
				CLANG_WARN_ENUM_CONVERSION = YES;
				CLANG_WARN_INFINITE_RECURSION = YES;
				CLANG_WARN_INT_CONVERSION = YES;
				CLANG_WARN_NON_LITERAL_NULL_CONVERSION = YES;
				CLANG_WARN_OBJC_IMPLICIT_RETAIN_SELF = YES;
				CLANG_WARN_OBJC_LITERAL_CONVERSION = YES;
				CLANG_WARN_OBJC_ROOT_CLASS = YES_ERROR;
				CLANG_WARN_QUOTED_INCLUDE_IN_FRAMEWORK_HEADER = YES;
				CLANG_WARN_RANGE_LOOP_ANALYSIS = YES;
				CLANG_WARN_STRICT_PROTOTYPES = YES;
				CLANG_WARN_SUSPICIOUS_MOVE = YES;
				CLANG_WARN_UNGUARDED_AVAILABILITY = YES_AGGRESSIVE;
				CLANG_WARN_UNREACHABLE_CODE = YES;
				CLANG_WARN__DUPLICATE_METHOD_MATCH = YES;
				COPY_PHASE_STRIP = NO;
				DEBUG_INFORMATION_FORMAT = "dwarf-with-dsym";
				ENABLE_NS_ASSERTIONS = NO;
				ENABLE_STRICT_OBJC_MSGSEND = YES;
				ENABLE_USER_SCRIPT_SANDBOXING = YES;
				GCC_C_LANGUAGE_STANDARD = gnu17;
				GCC_NO_COMMON_BLOCKS = YES;
				GCC_WARN_64_TO_32_BIT_CONVERSION = YES;
				GCC_WARN_ABOUT_RETURN_TYPE = YES_ERROR;
				GCC_WARN_UNDECLARED_SELECTOR = YES;
				GCC_WARN_UNINITIALIZED_AUTOS = YES_AGGRESSIVE;
				GCC_WARN_UNUSED_FUNCTION = YES;
				GCC_WARN_UNUSED_VARIABLE = YES;
				IPHONEOS_DEPLOYMENT_TARGET = 18.4;
				LOCALIZATION_PREFERS_STRING_CATALOGS = YES;
				MTL_ENABLE_DEBUG_INFO = NO;
				MTL_FAST_MATH = YES;
				SDKROOT = iphoneos;
				SWIFT_COMPILATION_MODE = wholemodule;
				VALIDATE_PRODUCT = YES;
			};
			name = Release;
		};
		67E640F72DF07A1A00D547C2 /* Debug */ = {
			isa = XCBuildConfiguration;
			buildSettings = {
				ASSETCATALOG_COMPILER_APPICON_NAME = AppIcon;
				ASSETCATALOG_COMPILER_GLOBAL_ACCENT_COLOR_NAME = AccentColor;
				CODE_SIGN_STYLE = Automatic;
				CURRENT_PROJECT_VERSION = 1;
				ENABLE_PREVIEWS = YES;
				GENERATE_INFOPLIST_FILE = YES;
				INFOPLIST_KEY_UIApplicationSceneManifest_Generation = YES;
				INFOPLIST_KEY_UIApplicationSupportsIndirectInputEvents = YES;
				INFOPLIST_KEY_UILaunchScreen_Generation = YES;
				INFOPLIST_KEY_UISupportedInterfaceOrientations_iPad = "UIInterfaceOrientationPortrait UIInterfaceOrientationPortraitUpsideDown UIInterfaceOrientationLandscapeLeft UIInterfaceOrientationLandscapeRight";
				INFOPLIST_KEY_UISupportedInterfaceOrientations_iPhone = "UIInterfaceOrientationPortrait UIInterfaceOrientationLandscapeLeft UIInterfaceOrientationLandscapeRight";
				LD_RUNPATH_SEARCH_PATHS = (
					"$(inherited)",
					"@executable_path/Frameworks",
				);
				MARKETING_VERSION = 1.0;
				PRODUCT_BUNDLE_IDENTIFIER = com.Login.Cookcraft;
				PRODUCT_NAME = "$(TARGET_NAME)";
				SWIFT_EMIT_LOC_STRINGS = YES;
				SWIFT_VERSION = 5.0;
				TARGETED_DEVICE_FAMILY = "1,2";
			};
			name = Debug;
		};
		67E640F82DF07A1A00D547C2 /* Release */ = {
			isa = XCBuildConfiguration;
			buildSettings = {
				ASSETCATALOG_COMPILER_APPICON_NAME = AppIcon;
				ASSETCATALOG_COMPILER_GLOBAL_ACCENT_COLOR_NAME = AccentColor;
				CODE_SIGN_STYLE = Automatic;
				CURRENT_PROJECT_VERSION = 1;
				ENABLE_PREVIEWS = YES;
				GENERATE_INFOPLIST_FILE = YES;
				INFOPLIST_KEY_UIApplicationSceneManifest_Generation = YES;
				INFOPLIST_KEY_UIApplicationSupportsIndirectInputEvents = YES;
				INFOPLIST_KEY_UILaunchScreen_Generation = YES;
				INFOPLIST_KEY_UISupportedInterfaceOrientations_iPad = "UIInterfaceOrientationPortrait UIInterfaceOrientationPortraitUpsideDown UIInterfaceOrientationLandscapeLeft UIInterfaceOrientationLandscapeRight";
				INFOPLIST_KEY_UISupportedInterfaceOrientations_iPhone = "UIInterfaceOrientationPortrait UIInterfaceOrientationLandscapeLeft UIInterfaceOrientationLandscapeRight";
				LD_RUNPATH_SEARCH_PATHS = (
					"$(inherited)",
					"@executable_path/Frameworks",
				);
				MARKETING_VERSION = 1.0;
				PRODUCT_BUNDLE_IDENTIFIER = com.Login.Cookcraft;
				PRODUCT_NAME = "$(TARGET_NAME)";
				SWIFT_EMIT_LOC_STRINGS = YES;
				SWIFT_VERSION = 5.0;
				TARGETED_DEVICE_FAMILY = "1,2";
			};
			name = Release;
		};
		67E640FA2DF07A1A00D547C2 /* Debug */ = {
			isa = XCBuildConfiguration;
			buildSettings = {
				BUNDLE_LOADER = "$(TEST_HOST)";
				CODE_SIGN_STYLE = Automatic;
				CURRENT_PROJECT_VERSION = 1;
				GENERATE_INFOPLIST_FILE = YES;
				IPHONEOS_DEPLOYMENT_TARGET = 18.4;
				MARKETING_VERSION = 1.0;
				PRODUCT_BUNDLE_IDENTIFIER = com.Login.CookcraftTests;
				PRODUCT_NAME = "$(TARGET_NAME)";
				SWIFT_EMIT_LOC_STRINGS = NO;
				SWIFT_VERSION = 5.0;
				TARGETED_DEVICE_FAMILY = "1,2";
				TEST_HOST = "$(BUILT_PRODUCTS_DIR)/Cookcraft.app/$(BUNDLE_EXECUTABLE_FOLDER_PATH)/Cookcraft";
			};
			name = Debug;
		};
		67E640FB2DF07A1A00D547C2 /* Release */ = {
			isa = XCBuildConfiguration;
			buildSettings = {
				BUNDLE_LOADER = "$(TEST_HOST)";
				CODE_SIGN_STYLE = Automatic;
				CURRENT_PROJECT_VERSION = 1;
				GENERATE_INFOPLIST_FILE = YES;
				IPHONEOS_DEPLOYMENT_TARGET = 18.4;
				MARKETING_VERSION = 1.0;
				PRODUCT_BUNDLE_IDENTIFIER = com.Login.CookcraftTests;
				PRODUCT_NAME = "$(TARGET_NAME)";
				SWIFT_EMIT_LOC_STRINGS = NO;
				SWIFT_VERSION = 5.0;
				TARGETED_DEVICE_FAMILY = "1,2";
				TEST_HOST = "$(BUILT_PRODUCTS_DIR)/Cookcraft.app/$(BUNDLE_EXECUTABLE_FOLDER_PATH)/Cookcraft";
			};
			name = Release;
		};
		67E640FD2DF07A1A00D547C2 /* Debug */ = {
			isa = XCBuildConfiguration;
			buildSettings = {
				CODE_SIGN_STYLE = Automatic;
				CURRENT_PROJECT_VERSION = 1;
				GENERATE_INFOPLIST_FILE = YES;
				MARKETING_VERSION = 1.0;
				PRODUCT_BUNDLE_IDENTIFIER = com.Login.CookcraftUITests;
				PRODUCT_NAME = "$(TARGET_NAME)";
				SWIFT_EMIT_LOC_STRINGS = NO;
				SWIFT_VERSION = 5.0;
				TARGETED_DEVICE_FAMILY = "1,2";
				TEST_TARGET_NAME = Cookcraft;
			};
			name = Debug;
		};
		67E640FE2DF07A1A00D547C2 /* Release */ = {
			isa = XCBuildConfiguration;
			buildSettings = {
				CODE_SIGN_STYLE = Automatic;
				CURRENT_PROJECT_VERSION = 1;
				GENERATE_INFOPLIST_FILE = YES;
				MARKETING_VERSION = 1.0;
				PRODUCT_BUNDLE_IDENTIFIER = com.Login.CookcraftUITests;
				PRODUCT_NAME = "$(TARGET_NAME)";
				SWIFT_EMIT_LOC_STRINGS = NO;
				SWIFT_VERSION = 5.0;
				TARGETED_DEVICE_FAMILY = "1,2";
				TEST_TARGET_NAME = Cookcraft;
			};
			name = Release;
		};
/* End XCBuildConfiguration section */

/* Begin XCConfigurationList section */
		67E640D02DF07A1800D547C2 /* Build configuration list for PBXProject "Cookcraft" */ = {
			isa = XCConfigurationList;
			buildConfigurations = (
				67E640F42DF07A1A00D547C2 /* Debug */,
				67E640F52DF07A1A00D547C2 /* Release */,
			);
			defaultConfigurationIsVisible = 0;
			defaultConfigurationName = Release;
		};
		67E640F62DF07A1A00D547C2 /* Build configuration list for PBXNativeTarget "Cookcraft" */ = {
			isa = XCConfigurationList;
			buildConfigurations = (
				67E640F72DF07A1A00D547C2 /* Debug */,
				67E640F82DF07A1A00D547C2 /* Release */,
			);
			defaultConfigurationIsVisible = 0;
			defaultConfigurationName = Release;
		};
		67E640F92DF07A1A00D547C2 /* Build configuration list for PBXNativeTarget "CookcraftTests" */ = {
			isa = XCConfigurationList;
			buildConfigurations = (
				67E640FA2DF07A1A00D547C2 /* Debug */,
				67E640FB2DF07A1A00D547C2 /* Release */,
			);
			defaultConfigurationIsVisible = 0;
			defaultConfigurationName = Release;
		};
		67E640FC2DF07A1A00D547C2 /* Build configuration list for PBXNativeTarget "CookcraftUITests" */ = {
			isa = XCConfigurationList;
			buildConfigurations = (
				67E640FD2DF07A1A00D547C2 /* Debug */,
				67E640FE2DF07A1A00D547C2 /* Release */,
			);
			defaultConfigurationIsVisible = 0;
			defaultConfigurationName = Release;
		};
/* End XCConfigurationList section */
	};
	rootObject = 67E640CD2DF07A1800D547C2 /* Project object */;
}
